{
  "requires": true,
  "lockfileVersion": 1,
  "dependencies": {
    "connect-session-knex": {
      "version": "1.4.0",
      "resolved": "https://registry.npmjs.org/connect-session-knex/-/connect-session-knex-1.4.0.tgz",
      "integrity": "sha512-TjBESV6CY/SC4SRQP0hsYBLfR20bmj370+T+YpYgiC3kgOgL5x8z0bDgFddnUFZS//rgj+5Ps7pPQeP0ANq55w=="
    }
  }
}
